// !$*UTF8*$!
{
	archiveVersion = 1;
	classes = {
	};
	objectVersion = 50;
	objects = {

/* Begin PBXBuildFile section */
		87C2F8F82460F9AA00D353B9 /* iTunesAPI.swift in Sources */ = {isa = PBXBuildFile; fileRef = 87C2F8F72460F9AA00D353B9 /* iTunesAPI.swift */; };
		CF9741CB242FD3B30012D8D9 /* AppDelegate.swift in Sources */ = {isa = PBXBuildFile; fileRef = CF9741CA242FD3B30012D8D9 /* AppDelegate.swift */; };
		CF9741CD242FD3B30012D8D9 /* SceneDelegate.swift in Sources */ = {isa = PBXBuildFile; fileRef = CF9741CC242FD3B30012D8D9 /* SceneDelegate.swift */; };
		CF9741CF242FD3B30012D8D9 /* ContentView.swift in Sources */ = {isa = PBXBuildFile; fileRef = CF9741CE242FD3B30012D8D9 /* ContentView.swift */; };
		CF9741D1242FD3B40012D8D9 /* Assets.xcassets in Resources */ = {isa = PBXBuildFile; fileRef = CF9741D0242FD3B40012D8D9 /* Assets.xcassets */; };
		CF9741D4242FD3B40012D8D9 /* Preview Assets.xcassets in Resources */ = {isa = PBXBuildFile; fileRef = CF9741D3242FD3B40012D8D9 /* Preview Assets.xcassets */; };
		CF9741D7242FD3B40012D8D9 /* LaunchScreen.storyboard in Resources */ = {isa = PBXBuildFile; fileRef = CF9741D5242FD3B40012D8D9 /* LaunchScreen.storyboard */; };
/* End PBXBuildFile section */

/* Begin PBXCopyFilesBuildPhase section */
		CF97421C242FD4EE0012D8D9 /* Embed Frameworks */ = {
			isa = PBXCopyFilesBuildPhase;
			buildActionMask = 2147483647;
			dstPath = "";
			dstSubfolderSpec = 10;
			files = (
			);
			name = "Embed Frameworks";
			runOnlyForDeploymentPostprocessing = 0;
		};
/* End PBXCopyFilesBuildPhase section */

/* Begin PBXFileReference section */
		87C2F8F72460F9AA00D353B9 /* iTunesAPI.swift */ = {isa = PBXFileReference; fileEncoding = 4; lastKnownFileType = sourcecode.swift; path = iTunesAPI.swift; sourceTree = "<group>"; };
		87C2F8FA2460FB6800D353B9 /* README.md */ = {isa = PBXFileReference; lastKnownFileType = net.daringfireball.markdown; path = README.md; sourceTree = "<group>"; };
		CF9741C7242FD3B30012D8D9 /* iTunesSwiftUI.app */ = {isa = PBXFileReference; explicitFileType = wrapper.application; includeInIndex = 0; path = iTunesSwiftUI.app; sourceTree = BUILT_PRODUCTS_DIR; };
		CF9741CA242FD3B30012D8D9 /* AppDelegate.swift */ = {isa = PBXFileReference; lastKnownFileType = sourcecode.swift; path = AppDelegate.swift; sourceTree = "<group>"; };
		CF9741CC242FD3B30012D8D9 /* SceneDelegate.swift */ = {isa = PBXFileReference; lastKnownFileType = sourcecode.swift; path = SceneDelegate.swift; sourceTree = "<group>"; };
		CF9741CE242FD3B30012D8D9 /* ContentView.swift */ = {isa = PBXFileReference; lastKnownFileType = sourcecode.swift; path = ContentView.swift; sourceTree = "<group>"; };
		CF9741D0242FD3B40012D8D9 /* Assets.xcassets */ = {isa = PBXFileReference; lastKnownFileType = folder.assetcatalog; path = Assets.xcassets; sourceTree = "<group>"; };
		CF9741D3242FD3B40012D8D9 /* Preview Assets.xcassets */ = {isa = PBXFileReference; lastKnownFileType = folder.assetcatalog; path = "Preview Assets.xcassets"; sourceTree = "<group>"; };
		CF9741D6242FD3B40012D8D9 /* Base */ = {isa = PBXFileReference; lastKnownFileType = file.storyboard; name = Base; path = Base.lproj/LaunchScreen.storyboard; sourceTree = "<group>"; };
		CF9741D8242FD3B40012D8D9 /* Info.plist */ = {isa = PBXFileReference; lastKnownFileType = text.plist.xml; path = Info.plist; sourceTree = "<group>"; };
/* End PBXFileReference section */

/* Begin PBXFrameworksBuildPhase section */
		CF9741C4242FD3B30012D8D9 /* Frameworks */ = {
			isa = PBXFrameworksBuildPhase;
			buildActionMask = 2147483647;
			files = (
			);
			runOnlyForDeploymentPostprocessing = 0;
		};
/* End PBXFrameworksBuildPhase section */

/* Begin PBXGroup section */
		CF9741BE242FD3B30012D8D9 = {
			isa = PBXGroup;
			children = (
				87C2F8FA2460FB6800D353B9 /* README.md */,
				CF9741C9242FD3B30012D8D9 /* iTunesSwiftUI */,
				CF9741C8242FD3B30012D8D9 /* Products */,
				CF974214242FD4620012D8D9 /* Frameworks */,
			);
			sourceTree = "<group>";
		};
		CF9741C8242FD3B30012D8D9 /* Products */ = {
			isa = PBXGroup;
			children = (
				CF9741C7242FD3B30012D8D9 /* iTunesSwiftUI.app */,
			);
			name = Products;
			sourceTree = "<group>";
		};
		CF9741C9242FD3B30012D8D9 /* iTunesSwiftUI */ = {
			isa = PBXGroup;
			children = (
				CF9741CA242FD3B30012D8D9 /* AppDelegate.swift */,
				CF9741CC242FD3B30012D8D9 /* SceneDelegate.swift */,
				CF9741CE242FD3B30012D8D9 /* ContentView.swift */,
				87C2F8F72460F9AA00D353B9 /* iTunesAPI.swift */,
				CF9741D0242FD3B40012D8D9 /* Assets.xcassets */,
				CF9741D5242FD3B40012D8D9 /* LaunchScreen.storyboard */,
				CF9741D8242FD3B40012D8D9 /* Info.plist */,
				CF9741D2242FD3B40012D8D9 /* Preview Content */,
			);
			path = iTunesSwiftUI;
			sourceTree = "<group>";
		};
		CF9741D2242FD3B40012D8D9 /* Preview Content */ = {
			isa = PBXGroup;
			children = (
				CF9741D3242FD3B40012D8D9 /* Preview Assets.xcassets */,
			);
			path = "Preview Content";
			sourceTree = "<group>";
		};
		CF974214242FD4620012D8D9 /* Frameworks */ = {
			isa = PBXGroup;
			children = (
			);
			name = Frameworks;
			sourceTree = "<group>";
		};
/* End PBXGroup section */

/* Begin PBXNativeTarget section */
		CF9741C6242FD3B30012D8D9 /* iTunesSwiftUI */ = {
			isa = PBXNativeTarget;
			buildConfigurationList = CF9741DB242FD3B40012D8D9 /* Build configuration list for PBXNativeTarget "iTunesSwiftUI" */;
			buildPhases = (
				CF9741C3242FD3B30012D8D9 /* Sources */,
				CF9741C4242FD3B30012D8D9 /* Frameworks */,
				CF9741C5242FD3B30012D8D9 /* Resources */,
				CF97421C242FD4EE0012D8D9 /* Embed Frameworks */,
			);
			buildRules = (
			);
			dependencies = (
			);
			name = iTunesSwiftUI;
			productName = iTunesSwiftUI;
			productReference = CF9741C7242FD3B30012D8D9 /* iTunesSwiftUI.app */;
			productType = "com.apple.product-type.application";
		};
/* End PBXNativeTarget section */

/* Begin PBXProject section */
		CF9741BF242FD3B30012D8D9 /* Project object */ = {
			isa = PBXProject;
			attributes = {
				LastSwiftUpdateCheck = 1140;
				LastUpgradeCheck = 1140;
				ORGANIZATIONNAME = "Lambda School";
				TargetAttributes = {
					CF9741C6242FD3B30012D8D9 = {
						CreatedOnToolsVersion = 11.4;
					};
				};
			};
			buildConfigurationList = CF9741C2242FD3B30012D8D9 /* Build configuration list for PBXProject "iTunesSwiftUI" */;
			compatibilityVersion = "Xcode 9.3";
			developmentRegion = en;
			hasScannedForEncodings = 0;
			knownRegions = (
				en,
				Base,
			);
			mainGroup = CF9741BE242FD3B30012D8D9;
			productRefGroup = CF9741C8242FD3B30012D8D9 /* Products */;
			projectDirPath = "";
			projectRoot = "";
			targets = (
				CF9741C6242FD3B30012D8D9 /* iTunesSwiftUI */,
			);
		};
/* End PBXProject section */

/* Begin PBXResourcesBuildPhase section */
		CF9741C5242FD3B30012D8D9 /* Resources */ = {
			isa = PBXResourcesBuildPhase;
			buildActionMask = 2147483647;
			files = (
				CF9741D7242FD3B40012D8D9 /* LaunchScreen.storyboard in Resources */,
				CF9741D4242FD3B40012D8D9 /* Preview Assets.xcassets in Resources */,
				CF9741D1242FD3B40012D8D9 /* Assets.xcassets in Resources */,
			);
			runOnlyForDeploymentPostprocessing = 0;
		};
/* End PBXResourcesBuildPhase section */

/* Begin PBXSourcesBuildPhase section */
		CF9741C3242FD3B30012D8D9 /* Sources */ = {
			isa = PBXSourcesBuildPhase;
			buildActionMask = 2147483647;
			files = (
				87C2F8F82460F9AA00D353B9 /* iTunesAPI.swift in Sources */,
				CF9741CB242FD3B30012D8D9 /* AppDelegate.swift in Sources */,
				CF9741CD242FD3B30012D8D9 /* SceneDelegate.swift in Sources */,
				CF9741CF242FD3B30012D8D9 /* ContentView.swift in Sources */,
			);
			runOnlyForDeploymentPostprocessing = 0;
		};
/* End PBXSourcesBuildPhase section */

/* Begin PBXVariantGroup section */
		CF9741D5242FD3B40012D8D9 /* LaunchScreen.storyboard */ = {
			isa = PBXVariantGroup;
			children = (
				CF9741D6242FD3B40012D8D9 /* Base */,
			);
			name = LaunchScreen.storyboard;
			sourceTree = "<group>";
		};
/* End PBXVariantGroup section */

/* Begin XCBuildConfiguration section */
		CF9741D9242FD3B40012D8D9 /* Debug */ = {
			isa = XCBuildConfiguration;
			buildSettings = {
				ALWAYS_SEARCH_USER_PATHS = NO;
				CLANG_ANALYZER_NONNULL = YES;
				CLANG_ANALYZER_NUMBER_OBJECT_CONVERSION = YES_AGGRESSIVE;
				CLANG_CXX_LANGUAGE_STANDARD = "gnu++14";
				CLANG_CXX_LIBRARY = "libc++";
				CLANG_ENABLE_MODULES = YES;
				CLANG_ENABLE_OBJC_ARC = YES;
				CLANG_ENABLE_OBJC_WEAK = YES;
				CLANG_WARN_BLOCK_CAPTURE_AUTORELEASING = YES;
				CLANG_WARN_BOOL_CONVERSION = YES;
				CLANG_WARN_COMMA = YES;
				CLANG_WARN_CONSTANT_CONVERSION = YES;
				CLANG_WARN_DEPRECATED_OBJC_IMPLEMENTATIONS = YES;
				CLANG_WARN_DIRECT_OBJC_ISA_USAGE = YES_ERROR;
				CLANG_WARN_DOCUMENTATION_COMMENTS = YES;
				CLANG_WARN_EMPTY_BODY = YES;
				CLANG_WARN_ENUM_CONVERSION = YES;
				CLANG_WARN_INFINITE_RECURSION = YES;
				CLANG_WARN_INT_CONVERSION = YES;
				CLANG_WARN_NON_LITERAL_NULL_CONVERSION = YES;
				CLANG_WARN_OBJC_IMPLICIT_RETAIN_SELF = YES;
				CLANG_WARN_OBJC_LITERAL_CONVERSION = YES;
				CLANG_WARN_OBJC_ROOT_CLASS = YES_ERROR;
				CLANG_WARN_RANGE_LOOP_ANALYSIS = YES;
				CLANG_WARN_STRICT_PROTOTYPES = YES;
				CLANG_WARN_SUSPICIOUS_MOVE = YES;
				CLANG_WARN_UNGUARDED_AVAILABILITY = YES_AGGRESSIVE;
				CLANG_WARN_UNREACHABLE_CODE = YES;
				CLANG_WARN__DUPLICATE_METHOD_MATCH = YES;
				COPY_PHASE_STRIP = NO;
				DEBUG_INFORMATION_FORMAT = dwarf;
				ENABLE_STRICT_OBJC_MSGSEND = YES;
				ENABLE_TESTABILITY = YES;
				GCC_C_LANGUAGE_STANDARD = gnu11;
				GCC_DYNAMIC_NO_PIC = NO;
				GCC_NO_COMMON_BLOCKS = YES;
				GCC_OPTIMIZATION_LEVEL = 0;
				GCC_PREPROCESSOR_DEFINITIONS = (
					"DEBUG=1",
					"$(inherited)",
				);
				GCC_WARN_64_TO_32_BIT_CONVERSION = YES;
				GCC_WARN_ABOUT_RETURN_TYPE = YES_ERROR;
				GCC_WARN_UNDECLARED_SELECTOR = YES;
				GCC_WARN_UNINITIALIZED_AUTOS = YES_AGGRESSIVE;
				GCC_WARN_UNUSED_FUNCTION = YES;
				GCC_WARN_UNUSED_VARIABLE = YES;
				IPHONEOS_DEPLOYMENT_TARGET = 13.4;
				MTL_ENABLE_DEBUG_INFO = INCLUDE_SOURCE;
				MTL_FAST_MATH = YES;
				ONLY_ACTIVE_ARCH = YES;
				SDKROOT = iphoneos;
				SWIFT_ACTIVE_COMPILATION_CONDITIONS = DEBUG;
				SWIFT_OPTIMIZATION_LEVEL = "-Onone";
			};
			name = Debug;
		};
		CF9741DA242FD3B40012D8D9 /* Release */ = {
			isa = XCBuildConfiguration;
			buildSettings = {
				ALWAYS_SEARCH_USER_PATHS = NO;
				CLANG_ANALYZER_NONNULL = YES;
				CLANG_ANALYZER_NUMBER_OBJECT_CONVERSION = YES_AGGRESSIVE;
				CLANG_CXX_LANGUAGE_STANDARD = "gnu++14";
				CLANG_CXX_LIBRARY = "libc++";
				CLANG_ENABLE_MODULES = YES;
				CLANG_ENABLE_OBJC_ARC = YES;
				CLANG_ENABLE_OBJC_WEAK = YES;
				CLANG_WARN_BLOCK_CAPTURE_AUTORELEASING = YES;
				CLANG_WARN_BOOL_CONVERSION = YES;
				CLANG_WARN_COMMA = YES;
				CLANG_WARN_CONSTANT_CONVERSION = YES;
				CLANG_WARN_DEPRECATED_OBJC_IMPLEMENTATIONS = YES;
				CLANG_WARN_DIRECT_OBJC_ISA_USAGE = YES_ERROR;
				CLANG_WARN_DOCUMENTATION_COMMENTS = YES;
				CLANG_WARN_EMPTY_BODY = YES;
				CLANG_WARN_ENUM_CONVERSION = YES;
				CLANG_WARN_INFINITE_RECURSION = YES;
				CLANG_WARN_INT_CONVERSION = YES;
				CLANG_WARN_NON_LITERAL_NULL_CONVERSION = YES;
				CLANG_WARN_OBJC_IMPLICIT_RETAIN_SELF = YES;
				CLANG_WARN_OBJC_LITERAL_CONVERSION = YES;
				CLANG_WARN_OBJC_ROOT_CLASS = YES_ERROR;
				CLANG_WARN_RANGE_LOOP_ANALYSIS = YES;
				CLANG_WARN_STRICT_PROTOTYPES = YES;
				CLANG_WARN_SUSPICIOUS_MOVE = YES;
				CLANG_WARN_UNGUARDED_AVAILABILITY = YES_AGGRESSIVE;
				CLANG_WARN_UNREACHABLE_CODE = YES;
				CLANG_WARN__DUPLICATE_METHOD_MATCH = YES;
				COPY_PHASE_STRIP = NO;
				DEBUG_INFORMATION_FORMAT = "dwarf-with-dsym";
				ENABLE_NS_ASSERTIONS = NO;
				ENABLE_STRICT_OBJC_MSGSEND = YES;
				GCC_C_LANGUAGE_STANDARD = gnu11;
				GCC_NO_COMMON_BLOCKS = YES;
				GCC_WARN_64_TO_32_BIT_CONVERSION = YES;
				GCC_WARN_ABOUT_RETURN_TYPE = YES_ERROR;
				GCC_WARN_UNDECLARED_SELECTOR = YES;
				GCC_WARN_UNINITIALIZED_AUTOS = YES_AGGRESSIVE;
				GCC_WARN_UNUSED_FUNCTION = YES;
				GCC_WARN_UNUSED_VARIABLE = YES;
				IPHONEOS_DEPLOYMENT_TARGET = 13.4;
				MTL_ENABLE_DEBUG_INFO = NO;
				MTL_FAST_MATH = YES;
				SDKROOT = iphoneos;
				SWIFT_COMPILATION_MODE = wholemodule;
				SWIFT_OPTIMIZATION_LEVEL = "-O";
				VALIDATE_PRODUCT = YES;
			};
			name = Release;
		};
		CF9741DC242FD3B40012D8D9 /* Debug */ = {
			isa = XCBuildConfiguration;
			buildSettings = {
				ASSETCATALOG_COMPILER_APPICON_NAME = AppIcon;
				CODE_SIGN_STYLE = Automatic;
				DEVELOPMENT_ASSET_PATHS = "\"iTunesSwiftUI/Preview Content\"";
				DEVELOPMENT_TEAM = "";
				ENABLE_PREVIEWS = YES;
				INFOPLIST_FILE = iTunesSwiftUI/Info.plist;
				IPHONEOS_DEPLOYMENT_TARGET = 13.2;
				LD_RUNPATH_SEARCH_PATHS = (
					"$(inherited)",
					"@executable_path/Frameworks",
				);
				PRODUCT_BUNDLE_IDENTIFIER = com.LambdaSchool.iTunesSwiftUI;
				PRODUCT_NAME = "$(TARGET_NAME)";
				SWIFT_VERSION = 5.0;
				TARGETED_DEVICE_FAMILY = "1,2";
			};
			name = Debug;
		};
		CF9741DD242FD3B40012D8D9 /* Release */ = {
			isa = XCBuildConfiguration;
			buildSettings = {
				ASSETCATALOG_COMPILER_APPICON_NAME = AppIcon;
				CODE_SIGN_STYLE = Automatic;
				DEVELOPMENT_ASSET_PATHS = "\"iTunesSwiftUI/Preview Content\"";
				DEVELOPMENT_TEAM = "";
				ENABLE_PREVIEWS = YES;
				INFOPLIST_FILE = iTunesSwiftUI/Info.plist;
				IPHONEOS_DEPLOYMENT_TARGET = 13.2;
				LD_RUNPATH_SEARCH_PATHS = (
					"$(inherited)",
					"@executable_path/Frameworks",
				);
				PRODUCT_BUNDLE_IDENTIFIER = com.LambdaSchool.iTunesSwiftUI;
				PRODUCT_NAME = "$(TARGET_NAME)";
				SWIFT_VERSION = 5.0;
				TARGETED_DEVICE_FAMILY = "1,2";
			};
			name = Release;
		};
/* End XCBuildConfiguration section */

/* Begin XCConfigurationList section */
		CF9741C2242FD3B30012D8D9 /* Build configuration list for PBXProject "iTunesSwiftUI" */ = {
			isa = XCConfigurationList;
			buildConfigurations = (
				CF9741D9242FD3B40012D8D9 /* Debug */,
				CF9741DA242FD3B40012D8D9 /* Release */,
			);
			defaultConfigurationIsVisible = 0;
			defaultConfigurationName = Release;
		};
		CF9741DB242FD3B40012D8D9 /* Build configuration list for PBXNativeTarget "iTunesSwiftUI" */ = {
			isa = XCConfigurationList;
			buildConfigurations = (
				CF9741DC242FD3B40012D8D9 /* Debug */,
				CF9741DD242FD3B40012D8D9 /* Release */,
			);
			defaultConfigurationIsVisible = 0;
			defaultConfigurationName = Release;
		};
/* End XCConfigurationList section */
	};
	rootObject = CF9741BF242FD3B30012D8D9 /* Project object */;
}
